
Microsoft Visual Studio Solution File, Format Version 12.00
# Visual Studio Version 17
VisualStudioVersion = 17.5.002.0
MinimumVisualStudioVersion = 10.0.40219.1
Project("{9A19103F-16F7-4668-BE54-9A1E7A4F7556}") = "MeuSiteEmMVC", "MeuSiteEmMVC.csproj", "{392306BE-E94E-4BCD-80AE-82BE01845BE7}"
EndProject
Global
	GlobalSection(SolutionConfigurationPlatforms) = preSolution
		Debug|Any CPU = Debug|Any CPU
		Release|Any CPU = Release|Any CPU
	EndGlobalSection
	GlobalSection(ProjectConfigurationPlatforms) = postSolution
		{392306BE-E94E-4BCD-80AE-82BE01845BE7}.Debug|Any CPU.ActiveCfg = Debug|Any CPU
		{392306BE-E94E-4BCD-80AE-82BE01845BE7}.Debug|Any CPU.Build.0 = Debug|Any CPU
		{392306BE-E94E-4BCD-80AE-82BE01845BE7}.Release|Any CPU.ActiveCfg = Release|Any CPU
		{392306BE-E94E-4BCD-80AE-82BE01845BE7}.Release|Any CPU.Build.0 = Release|Any CPU
	EndGlobalSection
	GlobalSection(SolutionProperties) = preSolution
		HideSolutionNode = FALSE
	EndGlobalSection
	GlobalSection(ExtensibilityGlobals) = postSolution
		SolutionGuid = {70B68B6F-9466-4ED1-9AFB-133548D73039}
	EndGlobalSection
EndGlobal
